hash: b16abf9154e210c809454440c65747808a59fdd2d37b8482bb43d2415ad99d3e
updated: 2018-12-01T23:30:56.740622-08:00
imports:
- name: github.com/coreos/go-systemd
  version: 9002847aa1425fb6ac49077c0a630b3b67e0fbfd
  subpackages:
  - dbus
- name: github.com/gin-contrib/sse
  version: 22d885f9ecc78bf4ee5d72b937e4bbcdc58e8cae
- name: github.com/gin-gonic/gin
  version: 6ad7b9c9d382844036334ad061b832e56269e14f
  subpackages:
  - binding
  - json
  - render
- name: github.com/godbus/dbus
  version: 2ff6f7ffd60f0f2410b3105864bdd12c7894f844
- name: github.com/golang/protobuf
  version: e09c5db296004fbe3f74490e84dcd62c3c5ddb1b
  subpackages:
  - proto
- name: github.com/json-iterator/go
  version: 358cfc39298cc7d6c9101444e19df5f6dc01f540
- name: github.com/mattn/go-isatty
  version: 6ca4dbf54d38eea1a992b3c722a76a5d1c4cb25c
- name: github.com/ugorji/go
  version: f3cacc17c85ecb7f1b6a9e373ee85d1480919868
  subpackages:
  - codec
- name: golang.org/x/sys
  version: ff2a66f350cefa5c93a634eadb5d25bb60c85a9c
  subpackages:
  - unix
- name: gopkg.in/go-playground/validator.v8
  version: 5f1438d3fca68893a817e4a66806cea46a9e4ebf
- name: gopkg.in/yaml.v2
  version: d670f9405373e636a5a2765eea47fac0c9bc91a4
testImports: []
